
Microsoft Visual Studio Solution File, Format Version 12.00
# Visual Studio 15
VisualStudioVersion = 15.0.28307.705
MinimumVisualStudioVersion = 10.0.40219.1
Project("{FAE04EC0-301F-11D3-BF4B-00C04F79EFBC}") = "Deneme", "Deneme\Deneme.csproj", "{A6790EB1-F51D-409B-89C7-9B19887B755A}"
EndProject
Project("{FAE04EC0-301F-11D3-BF4B-00C04F79EFBC}") = "WebAPI", "WebAPI\WebAPI.csproj", "{5EE0E622-5FD2-4C9C-9ACC-366E59FEAA25}"
EndProject
Project("{FAE04EC0-301F-11D3-BF4B-00C04F79EFBC}") = "WebAPI2", "WebAPI2\WebAPI2.csproj", "{B88BB4C5-5A44-44CB-8FC1-04E5CE025FE7}"
EndProject
Project("{FAE04EC0-301F-11D3-BF4B-00C04F79EFBC}") = "WebAPI3", "WebAPI3\WebAPI3.csproj", "{DC4DE354-1AD1-4178-92E2-6A98AE195C0D}"
EndProject
Project("{FAE04EC0-301F-11D3-BF4B-00C04F79EFBC}") = "WebAPI4", "WebAPI4\WebAPI4.csproj", "{7A80880C-0334-4C54-9BDC-DA17CCBA4A0E}"
EndProject
Global
	GlobalSection(SolutionConfigurationPlatforms) = preSolution
		Debug|Any CPU = Debug|Any CPU
		Release|Any CPU = Release|Any CPU
	EndGlobalSection
	GlobalSection(ProjectConfigurationPlatforms) = postSolution
		{A6790EB1-F51D-409B-89C7-9B19887B755A}.Debug|Any CPU.ActiveCfg = Debug|Any CPU
		{A6790EB1-F51D-409B-89C7-9B19887B755A}.Debug|Any CPU.Build.0 = Debug|Any CPU
		{A6790EB1-F51D-409B-89C7-9B19887B755A}.Release|Any CPU.ActiveCfg = Release|Any CPU
		{A6790EB1-F51D-409B-89C7-9B19887B755A}.Release|Any CPU.Build.0 = Release|Any CPU
		{5EE0E622-5FD2-4C9C-9ACC-366E59FEAA25}.Debug|Any CPU.ActiveCfg = Debug|Any CPU
		{5EE0E622-5FD2-4C9C-9ACC-366E59FEAA25}.Debug|Any CPU.Build.0 = Debug|Any CPU
		{5EE0E622-5FD2-4C9C-9ACC-366E59FEAA25}.Release|Any CPU.ActiveCfg = Release|Any CPU
		{5EE0E622-5FD2-4C9C-9ACC-366E59FEAA25}.Release|Any CPU.Build.0 = Release|Any CPU
		{B88BB4C5-5A44-44CB-8FC1-04E5CE025FE7}.Debug|Any CPU.ActiveCfg = Debug|Any CPU
		{B88BB4C5-5A44-44CB-8FC1-04E5CE025FE7}.Debug|Any CPU.Build.0 = Debug|Any CPU
		{B88BB4C5-5A44-44CB-8FC1-04E5CE025FE7}.Release|Any CPU.ActiveCfg = Release|Any CPU
		{B88BB4C5-5A44-44CB-8FC1-04E5CE025FE7}.Release|Any CPU.Build.0 = Release|Any CPU
		{DC4DE354-1AD1-4178-92E2-6A98AE195C0D}.Debug|Any CPU.ActiveCfg = Debug|Any CPU
		{DC4DE354-1AD1-4178-92E2-6A98AE195C0D}.Debug|Any CPU.Build.0 = Debug|Any CPU
		{DC4DE354-1AD1-4178-92E2-6A98AE195C0D}.Release|Any CPU.ActiveCfg = Release|Any CPU
		{DC4DE354-1AD1-4178-92E2-6A98AE195C0D}.Release|Any CPU.Build.0 = Release|Any CPU
		{7A80880C-0334-4C54-9BDC-DA17CCBA4A0E}.Debug|Any CPU.ActiveCfg = Debug|Any CPU
		{7A80880C-0334-4C54-9BDC-DA17CCBA4A0E}.Debug|Any CPU.Build.0 = Debug|Any CPU
		{7A80880C-0334-4C54-9BDC-DA17CCBA4A0E}.Release|Any CPU.ActiveCfg = Release|Any CPU
		{7A80880C-0334-4C54-9BDC-DA17CCBA4A0E}.Release|Any CPU.Build.0 = Release|Any CPU
	EndGlobalSection
	GlobalSection(SolutionProperties) = preSolution
		HideSolutionNode = FALSE
	EndGlobalSection
	GlobalSection(ExtensibilityGlobals) = postSolution
		SolutionGuid = {54A5CC49-345F-4614-A9C3-2D49D3C0BB56}
	EndGlobalSection
EndGlobal
